
Microsoft Visual Studio Solution File, Format Version 12.00
# Visual Studio Version 17
VisualStudioVersion = 17.2.32519.379
MinimumVisualStudioVersion = 10.0.40219.1
Project("{9A19103F-16F7-4668-BE54-9A1E7A4F7556}") = "Flow.Launcher.Plugin.ShareX-Flow-Plugin", "Flow.Launcher.Plugin.ShareX-Flow-Plugin.csproj", "{3732C399-1530-4E8D-A4A1-0F96D813DE0A}"
EndProject
Global
	GlobalSection(SolutionConfigurationPlatforms) = preSolution
		Debug|Any CPU = Debug|Any CPU
		Release|Any CPU = Release|Any CPU
	EndGlobalSection
	GlobalSection(ProjectConfigurationPlatforms) = postSolution
		{3732C399-1530-4E8D-A4A1-0F96D813DE0A}.Debug|Any CPU.ActiveCfg = Debug|Any CPU
		{3732C399-1530-4E8D-A4A1-0F96D813DE0A}.Debug|Any CPU.Build.0 = Debug|Any CPU
		{3732C399-1530-4E8D-A4A1-0F96D813DE0A}.Release|Any CPU.ActiveCfg = Release|Any CPU
		{3732C399-1530-4E8D-A4A1-0F96D813DE0A}.Release|Any CPU.Build.0 = Release|Any CPU
	EndGlobalSection
	GlobalSection(SolutionProperties) = preSolution
		HideSolutionNode = FALSE
	EndGlobalSection
	GlobalSection(ExtensibilityGlobals) = postSolution
		SolutionGuid = {8B7E0D93-2B11-42A6-AF40-A235B3391A0A}
	EndGlobalSection
EndGlobal
